
Microsoft Visual Studio Solution File, Format Version 12.00
# Visual Studio Version 17
VisualStudioVersion = 17.0.31903.59
MinimumVisualStudioVersion = 10.0.40219.1
Project("{9A19103F-16F7-4668-BE54-9A1E7A4F7556}") = "BolaoDoFi.Import", "src\BolaoDoFi.Import\BolaoDoFi.Import.csproj", "{C3A0B458-74EE-4498-B4DB-7DE3E51B8DD4}"
EndProject
Project("{FAE04EC0-301F-11D3-BF4B-00C04F79EFBC}") = "BolaoDoFi.Core", "src\BolaoDoFi.Core\BolaoDoFi.Core.csproj", "{6072056F-BC59-4F1A-9900-E390D4CFB8FD}"
EndProject
Project("{FAE04EC0-301F-11D3-BF4B-00C04F79EFBC}") = "BolaoDoFi.Web", "src\BolaoDoFi.Web\BolaoDoFi.Web.csproj", "{1F90ADF7-537A-43A3-9920-1A9002A78333}"
EndProject
Global
	GlobalSection(SolutionConfigurationPlatforms) = preSolution
		Debug|Any CPU = Debug|Any CPU
		Release|Any CPU = Release|Any CPU
	EndGlobalSection
	GlobalSection(ProjectConfigurationPlatforms) = postSolution
		{C3A0B458-74EE-4498-B4DB-7DE3E51B8DD4}.Debug|Any CPU.ActiveCfg = Debug|Any CPU
		{C3A0B458-74EE-4498-B4DB-7DE3E51B8DD4}.Debug|Any CPU.Build.0 = Debug|Any CPU
		{C3A0B458-74EE-4498-B4DB-7DE3E51B8DD4}.Release|Any CPU.ActiveCfg = Release|Any CPU
		{C3A0B458-74EE-4498-B4DB-7DE3E51B8DD4}.Release|Any CPU.Build.0 = Release|Any CPU
		{6072056F-BC59-4F1A-9900-E390D4CFB8FD}.Debug|Any CPU.ActiveCfg = Debug|Any CPU
		{6072056F-BC59-4F1A-9900-E390D4CFB8FD}.Debug|Any CPU.Build.0 = Debug|Any CPU
		{6072056F-BC59-4F1A-9900-E390D4CFB8FD}.Release|Any CPU.ActiveCfg = Release|Any CPU
		{6072056F-BC59-4F1A-9900-E390D4CFB8FD}.Release|Any CPU.Build.0 = Release|Any CPU
		{1F90ADF7-537A-43A3-9920-1A9002A78333}.Debug|Any CPU.ActiveCfg = Debug|Any CPU
		{1F90ADF7-537A-43A3-9920-1A9002A78333}.Debug|Any CPU.Build.0 = Debug|Any CPU
		{1F90ADF7-537A-43A3-9920-1A9002A78333}.Release|Any CPU.ActiveCfg = Release|Any CPU
		{1F90ADF7-537A-43A3-9920-1A9002A78333}.Release|Any CPU.Build.0 = Release|Any CPU
	EndGlobalSection
	GlobalSection(SolutionProperties) = preSolution
		HideSolutionNode = FALSE
	EndGlobalSection
	GlobalSection(ExtensibilityGlobals) = postSolution
		SolutionGuid = {C6531764-2481-419A-9A48-C7BCDC17202E}
	EndGlobalSection
EndGlobal
